// !$*UTF8*$!
{
	archiveVersion = 1;
	classes = {
	};
	objectVersion = 55;
	objects = {

/* Begin PBXBuildFile section */
		343FBA77285348F0009C8890 /* arkaplan.jpeg in Resources */ = {isa = PBXBuildFile; fileRef = 343FBA76285348F0009C8890 /* arkaplan.jpeg */; };
		34E6A7372851E0600081EE74 /* AppDelegate.swift in Sources */ = {isa = PBXBuildFile; fileRef = 34E6A7362851E0600081EE74 /* AppDelegate.swift */; };
		34E6A7392851E0600081EE74 /* SceneDelegate.swift in Sources */ = {isa = PBXBuildFile; fileRef = 34E6A7382851E0600081EE74 /* SceneDelegate.swift */; };
		34E6A73B2851E0600081EE74 /* ViewController.swift in Sources */ = {isa = PBXBuildFile; fileRef = 34E6A73A2851E0600081EE74 /* ViewController.swift */; };
		34E6A73E2851E0600081EE74 /* Main.storyboard in Resources */ = {isa = PBXBuildFile; fileRef = 34E6A73C2851E0600081EE74 /* Main.storyboard */; };
		34E6A7412851E0600081EE74 /* ArtBook.xcdatamodeld in Sources */ = {isa = PBXBuildFile; fileRef = 34E6A73F2851E0600081EE74 /* ArtBook.xcdatamodeld */; };
		34E6A7432851E0610081EE74 /* Assets.xcassets in Resources */ = {isa = PBXBuildFile; fileRef = 34E6A7422851E0610081EE74 /* Assets.xcassets */; };
		34E6A7462851E0610081EE74 /* LaunchScreen.storyboard in Resources */ = {isa = PBXBuildFile; fileRef = 34E6A7442851E0610081EE74 /* LaunchScreen.storyboard */; };
		34E6A74E2851E25B0081EE74 /* DetailViewController.swift in Sources */ = {isa = PBXBuildFile; fileRef = 34E6A74D2851E25B0081EE74 /* DetailViewController.swift */; };
		34E6A7502851F36B0081EE74 /* select.png in Resources */ = {isa = PBXBuildFile; fileRef = 34E6A74F2851F36B0081EE74 /* select.png */; };
/* End PBXBuildFile section */

/* Begin PBXFileReference section */
		343FBA76285348F0009C8890 /* arkaplan.jpeg */ = {isa = PBXFileReference; lastKnownFileType = image.jpeg; name = arkaplan.jpeg; path = ../../arkaplan.jpeg; sourceTree = "<group>"; };
		34E6A7332851E0600081EE74 /* ArtBook.app */ = {isa = PBXFileReference; explicitFileType = wrapper.application; includeInIndex = 0; path = ArtBook.app; sourceTree = BUILT_PRODUCTS_DIR; };
		34E6A7362851E0600081EE74 /* AppDelegate.swift */ = {isa = PBXFileReference; lastKnownFileType = sourcecode.swift; path = AppDelegate.swift; sourceTree = "<group>"; };
		34E6A7382851E0600081EE74 /* SceneDelegate.swift */ = {isa = PBXFileReference; lastKnownFileType = sourcecode.swift; path = SceneDelegate.swift; sourceTree = "<group>"; };
		34E6A73A2851E0600081EE74 /* ViewController.swift */ = {isa = PBXFileReference; lastKnownFileType = sourcecode.swift; path = ViewController.swift; sourceTree = "<group>"; };
		34E6A73D2851E0600081EE74 /* Base */ = {isa = PBXFileReference; lastKnownFileType = file.storyboard; name = Base; path = Base.lproj/Main.storyboard; sourceTree = "<group>"; };
		34E6A7402851E0600081EE74 /* ArtBook.xcdatamodel */ = {isa = PBXFileReference; lastKnownFileType = wrapper.xcdatamodel; path = ArtBook.xcdatamodel; sourceTree = "<group>"; };
		34E6A7422851E0610081EE74 /* Assets.xcassets */ = {isa = PBXFileReference; lastKnownFileType = folder.assetcatalog; path = Assets.xcassets; sourceTree = "<group>"; };
		34E6A7452851E0610081EE74 /* Base */ = {isa = PBXFileReference; lastKnownFileType = file.storyboard; name = Base; path = Base.lproj/LaunchScreen.storyboard; sourceTree = "<group>"; };
		34E6A7472851E0610081EE74 /* Info.plist */ = {isa = PBXFileReference; lastKnownFileType = text.plist.xml; path = Info.plist; sourceTree = "<group>"; };
		34E6A74D2851E25B0081EE74 /* DetailViewController.swift */ = {isa = PBXFileReference; lastKnownFileType = sourcecode.swift; path = DetailViewController.swift; sourceTree = "<group>"; };
		34E6A74F2851F36B0081EE74 /* select.png */ = {isa = PBXFileReference; lastKnownFileType = image.png; name = select.png; path = ../../select.png; sourceTree = "<group>"; };
/* End PBXFileReference section */

/* Begin PBXFrameworksBuildPhase section */
		34E6A7302851E0600081EE74 /* Frameworks */ = {
			isa = PBXFrameworksBuildPhase;
			buildActionMask = 2147483647;
			files = (
			);
			runOnlyForDeploymentPostprocessing = 0;
		};
/* End PBXFrameworksBuildPhase section */

/* Begin PBXGroup section */
		34E6A72A2851E0600081EE74 = {
			isa = PBXGroup;
			children = (
				34E6A7352851E0600081EE74 /* ArtBook */,
				34E6A7342851E0600081EE74 /* Products */,
			);
			sourceTree = "<group>";
		};
		34E6A7342851E0600081EE74 /* Products */ = {
			isa = PBXGroup;
			children = (
				34E6A7332851E0600081EE74 /* ArtBook.app */,
			);
			name = Products;
			sourceTree = "<group>";
		};
		34E6A7352851E0600081EE74 /* ArtBook */ = {
			isa = PBXGroup;
			children = (
				34E6A7362851E0600081EE74 /* AppDelegate.swift */,
				34E6A7382851E0600081EE74 /* SceneDelegate.swift */,
				34E6A73A2851E0600081EE74 /* ViewController.swift */,
				34E6A73C2851E0600081EE74 /* Main.storyboard */,
				34E6A7422851E0610081EE74 /* Assets.xcassets */,
				34E6A7442851E0610081EE74 /* LaunchScreen.storyboard */,
				34E6A7472851E0610081EE74 /* Info.plist */,
				34E6A73F2851E0600081EE74 /* ArtBook.xcdatamodeld */,
				34E6A74D2851E25B0081EE74 /* DetailViewController.swift */,
				34E6A74F2851F36B0081EE74 /* select.png */,
				343FBA76285348F0009C8890 /* arkaplan.jpeg */,
			);
			path = ArtBook;
			sourceTree = "<group>";
		};
/* End PBXGroup section */

/* Begin PBXNativeTarget section */
		34E6A7322851E0600081EE74 /* ArtBook */ = {
			isa = PBXNativeTarget;
			buildConfigurationList = 34E6A74A2851E0610081EE74 /* Build configuration list for PBXNativeTarget "ArtBook" */;
			buildPhases = (
				34E6A72F2851E0600081EE74 /* Sources */,
				34E6A7302851E0600081EE74 /* Frameworks */,
				34E6A7312851E0600081EE74 /* Resources */,
			);
			buildRules = (
			);
			dependencies = (
			);
			name = ArtBook;
			productName = ArtBook;
			productReference = 34E6A7332851E0600081EE74 /* ArtBook.app */;
			productType = "com.apple.product-type.application";
		};
/* End PBXNativeTarget section */

/* Begin PBXProject section */
		34E6A72B2851E0600081EE74 /* Project object */ = {
			isa = PBXProject;
			attributes = {
				BuildIndependentTargetsInParallel = 1;
				LastSwiftUpdateCheck = 1340;
				LastUpgradeCheck = 1340;
				TargetAttributes = {
					34E6A7322851E0600081EE74 = {
						CreatedOnToolsVersion = 13.4;
					};
				};
			};
			buildConfigurationList = 34E6A72E2851E0600081EE74 /* Build configuration list for PBXProject "ArtBook" */;
			compatibilityVersion = "Xcode 13.0";
			developmentRegion = en;
			hasScannedForEncodings = 0;
			knownRegions = (
				en,
				Base,
			);
			mainGroup = 34E6A72A2851E0600081EE74;
			productRefGroup = 34E6A7342851E0600081EE74 /* Products */;
			projectDirPath = "";
			projectRoot = "";
			targets = (
				34E6A7322851E0600081EE74 /* ArtBook */,
			);
		};
/* End PBXProject section */

/* Begin PBXResourcesBuildPhase section */
		34E6A7312851E0600081EE74 /* Resources */ = {
			isa = PBXResourcesBuildPhase;
			buildActionMask = 2147483647;
			files = (
				343FBA77285348F0009C8890 /* arkaplan.jpeg in Resources */,
				34E6A7462851E0610081EE74 /* LaunchScreen.storyboard in Resources */,
				34E6A7502851F36B0081EE74 /* select.png in Resources */,
				34E6A7432851E0610081EE74 /* Assets.xcassets in Resources */,
				34E6A73E2851E0600081EE74 /* Main.storyboard in Resources */,
			);
			runOnlyForDeploymentPostprocessing = 0;
		};
/* End PBXResourcesBuildPhase section */

/* Begin PBXSourcesBuildPhase section */
		34E6A72F2851E0600081EE74 /* Sources */ = {
			isa = PBXSourcesBuildPhase;
			buildActionMask = 2147483647;
			files = (
				34E6A73B2851E0600081EE74 /* ViewController.swift in Sources */,
				34E6A7372851E0600081EE74 /* AppDelegate.swift in Sources */,
				34E6A74E2851E25B0081EE74 /* DetailViewController.swift in Sources */,
				34E6A7412851E0600081EE74 /* ArtBook.xcdatamodeld in Sources */,
				34E6A7392851E0600081EE74 /* SceneDelegate.swift in Sources */,
			);
			runOnlyForDeploymentPostprocessing = 0;
		};
/* End PBXSourcesBuildPhase section */

/* Begin PBXVariantGroup section */
		34E6A73C2851E0600081EE74 /* Main.storyboard */ = {
			isa = PBXVariantGroup;
			children = (
				34E6A73D2851E0600081EE74 /* Base */,
			);
			name = Main.storyboard;
			sourceTree = "<group>";
		};
		34E6A7442851E0610081EE74 /* LaunchScreen.storyboard */ = {
			isa = PBXVariantGroup;
			children = (
				34E6A7452851E0610081EE74 /* Base */,
			);
			name = LaunchScreen.storyboard;
			sourceTree = "<group>";
		};
/* End PBXVariantGroup section */

/* Begin XCBuildConfiguration section */
		34E6A7482851E0610081EE74 /* Debug */ = {
			isa = XCBuildConfiguration;
			buildSettings = {
				ALWAYS_SEARCH_USER_PATHS = NO;
				CLANG_ANALYZER_NONNULL = YES;
				CLANG_ANALYZER_NUMBER_OBJECT_CONVERSION = YES_AGGRESSIVE;
				CLANG_CXX_LANGUAGE_STANDARD = "gnu++17";
				CLANG_ENABLE_MODULES = YES;
				CLANG_ENABLE_OBJC_ARC = YES;
				CLANG_ENABLE_OBJC_WEAK = YES;
				CLANG_WARN_BLOCK_CAPTURE_AUTORELEASING = YES;
				CLANG_WARN_BOOL_CONVERSION = YES;
				CLANG_WARN_COMMA = YES;
				CLANG_WARN_CONSTANT_CONVERSION = YES;
				CLANG_WARN_DEPRECATED_OBJC_IMPLEMENTATIONS = YES;
				CLANG_WARN_DIRECT_OBJC_ISA_USAGE = YES_ERROR;
				CLANG_WARN_DOCUMENTATION_COMMENTS = YES;
				CLANG_WARN_EMPTY_BODY = YES;
				CLANG_WARN_ENUM_CONVERSION = YES;
				CLANG_WARN_INFINITE_RECURSION = YES;
				CLANG_WARN_INT_CONVERSION = YES;
				CLANG_WARN_NON_LITERAL_NULL_CONVERSION = YES;
				CLANG_WARN_OBJC_IMPLICIT_RETAIN_SELF = YES;
				CLANG_WARN_OBJC_LITERAL_CONVERSION = YES;
				CLANG_WARN_OBJC_ROOT_CLASS = YES_ERROR;
				CLANG_WARN_QUOTED_INCLUDE_IN_FRAMEWORK_HEADER = YES;
				CLANG_WARN_RANGE_LOOP_ANALYSIS = YES;
				CLANG_WARN_STRICT_PROTOTYPES = YES;
				CLANG_WARN_SUSPICIOUS_MOVE = YES;
				CLANG_WARN_UNGUARDED_AVAILABILITY = YES_AGGRESSIVE;
				CLANG_WARN_UNREACHABLE_CODE = YES;
				CLANG_WARN__DUPLICATE_METHOD_MATCH = YES;
				COPY_PHASE_STRIP = NO;
				DEBUG_INFORMATION_FORMAT = dwarf;
				ENABLE_STRICT_OBJC_MSGSEND = YES;
				ENABLE_TESTABILITY = YES;
				GCC_C_LANGUAGE_STANDARD = gnu11;
				GCC_DYNAMIC_NO_PIC = NO;
				GCC_NO_COMMON_BLOCKS = YES;
				GCC_OPTIMIZATION_LEVEL = 0;
				GCC_PREPROCESSOR_DEFINITIONS = (
					"DEBUG=1",
					"$(inherited)",
				);
				GCC_WARN_64_TO_32_BIT_CONVERSION = YES;
				GCC_WARN_ABOUT_RETURN_TYPE = YES_ERROR;
				GCC_WARN_UNDECLARED_SELECTOR = YES;
				GCC_WARN_UNINITIALIZED_AUTOS = YES_AGGRESSIVE;
				GCC_WARN_UNUSED_FUNCTION = YES;
				GCC_WARN_UNUSED_VARIABLE = YES;
				IPHONEOS_DEPLOYMENT_TARGET = 15.5;
				MTL_ENABLE_DEBUG_INFO = INCLUDE_SOURCE;
				MTL_FAST_MATH = YES;
				ONLY_ACTIVE_ARCH = YES;
				SDKROOT = iphoneos;
				SWIFT_ACTIVE_COMPILATION_CONDITIONS = DEBUG;
				SWIFT_OPTIMIZATION_LEVEL = "-Onone";
			};
			name = Debug;
		};
		34E6A7492851E0610081EE74 /* Release */ = {
			isa = XCBuildConfiguration;
			buildSettings = {
				ALWAYS_SEARCH_USER_PATHS = NO;
				CLANG_ANALYZER_NONNULL = YES;
				CLANG_ANALYZER_NUMBER_OBJECT_CONVERSION = YES_AGGRESSIVE;
				CLANG_CXX_LANGUAGE_STANDARD = "gnu++17";
				CLANG_ENABLE_MODULES = YES;
				CLANG_ENABLE_OBJC_ARC = YES;
				CLANG_ENABLE_OBJC_WEAK = YES;
				CLANG_WARN_BLOCK_CAPTURE_AUTORELEASING = YES;
				CLANG_WARN_BOOL_CONVERSION = YES;
				CLANG_WARN_COMMA = YES;
				CLANG_WARN_CONSTANT_CONVERSION = YES;
				CLANG_WARN_DEPRECATED_OBJC_IMPLEMENTATIONS = YES;
				CLANG_WARN_DIRECT_OBJC_ISA_USAGE = YES_ERROR;
				CLANG_WARN_DOCUMENTATION_COMMENTS = YES;
				CLANG_WARN_EMPTY_BODY = YES;
				CLANG_WARN_ENUM_CONVERSION = YES;
				CLANG_WARN_INFINITE_RECURSION = YES;
				CLANG_WARN_INT_CONVERSION = YES;
				CLANG_WARN_NON_LITERAL_NULL_CONVERSION = YES;
				CLANG_WARN_OBJC_IMPLICIT_RETAIN_SELF = YES;
				CLANG_WARN_OBJC_LITERAL_CONVERSION = YES;
				CLANG_WARN_OBJC_ROOT_CLASS = YES_ERROR;
				CLANG_WARN_QUOTED_INCLUDE_IN_FRAMEWORK_HEADER = YES;
				CLANG_WARN_RANGE_LOOP_ANALYSIS = YES;
				CLANG_WARN_STRICT_PROTOTYPES = YES;
				CLANG_WARN_SUSPICIOUS_MOVE = YES;
				CLANG_WARN_UNGUARDED_AVAILABILITY = YES_AGGRESSIVE;
				CLANG_WARN_UNREACHABLE_CODE = YES;
				CLANG_WARN__DUPLICATE_METHOD_MATCH = YES;
				COPY_PHASE_STRIP = NO;
				DEBUG_INFORMATION_FORMAT = "dwarf-with-dsym";
				ENABLE_NS_ASSERTIONS = NO;
				ENABLE_STRICT_OBJC_MSGSEND = YES;
				GCC_C_LANGUAGE_STANDARD = gnu11;
				GCC_NO_COMMON_BLOCKS = YES;
				GCC_WARN_64_TO_32_BIT_CONVERSION = YES;
				GCC_WARN_ABOUT_RETURN_TYPE = YES_ERROR;
				GCC_WARN_UNDECLARED_SELECTOR = YES;
				GCC_WARN_UNINITIALIZED_AUTOS = YES_AGGRESSIVE;
				GCC_WARN_UNUSED_FUNCTION = YES;
				GCC_WARN_UNUSED_VARIABLE = YES;
				IPHONEOS_DEPLOYMENT_TARGET = 15.5;
				MTL_ENABLE_DEBUG_INFO = NO;
				MTL_FAST_MATH = YES;
				SDKROOT = iphoneos;
				SWIFT_COMPILATION_MODE = wholemodule;
				SWIFT_OPTIMIZATION_LEVEL = "-O";
				VALIDATE_PRODUCT = YES;
			};
			name = Release;
		};
		34E6A74B2851E0610081EE74 /* Debug */ = {
			isa = XCBuildConfiguration;
			buildSettings = {
				ASSETCATALOG_COMPILER_APPICON_NAME = AppIcon;
				ASSETCATALOG_COMPILER_GLOBAL_ACCENT_COLOR_NAME = AccentColor;
				CODE_SIGN_STYLE = Automatic;
				CURRENT_PROJECT_VERSION = 1;
				DEVELOPMENT_TEAM = 47K76XV4MV;
				GENERATE_INFOPLIST_FILE = YES;
				INFOPLIST_FILE = ArtBook/Info.plist;
				INFOPLIST_KEY_UIApplicationSupportsIndirectInputEvents = YES;
				INFOPLIST_KEY_UILaunchStoryboardName = LaunchScreen;
				INFOPLIST_KEY_UIMainStoryboardFile = Main;
				INFOPLIST_KEY_UISupportedInterfaceOrientations_iPad = "UIInterfaceOrientationPortrait UIInterfaceOrientationPortraitUpsideDown UIInterfaceOrientationLandscapeLeft UIInterfaceOrientationLandscapeRight";
				INFOPLIST_KEY_UISupportedInterfaceOrientations_iPhone = "UIInterfaceOrientationPortrait UIInterfaceOrientationLandscapeLeft UIInterfaceOrientationLandscapeRight";
				LD_RUNPATH_SEARCH_PATHS = (
					"$(inherited)",
					"@executable_path/Frameworks",
				);
				MARKETING_VERSION = 1.0;
				PRODUCT_BUNDLE_IDENTIFIER = busraguler.ArtBook;
				PRODUCT_NAME = "$(TARGET_NAME)";
				SWIFT_EMIT_LOC_STRINGS = YES;
				SWIFT_VERSION = 5.0;
				TARGETED_DEVICE_FAMILY = "1,2";
			};
			name = Debug;
		};
		34E6A74C2851E0610081EE74 /* Release */ = {
			isa = XCBuildConfiguration;
			buildSettings = {
				ASSETCATALOG_COMPILER_APPICON_NAME = AppIcon;
				ASSETCATALOG_COMPILER_GLOBAL_ACCENT_COLOR_NAME = AccentColor;
				CODE_SIGN_STYLE = Automatic;
				CURRENT_PROJECT_VERSION = 1;
				DEVELOPMENT_TEAM = 47K76XV4MV;
				GENERATE_INFOPLIST_FILE = YES;
				INFOPLIST_FILE = ArtBook/Info.plist;
				INFOPLIST_KEY_UIApplicationSupportsIndirectInputEvents = YES;
				INFOPLIST_KEY_UILaunchStoryboardName = LaunchScreen;
				INFOPLIST_KEY_UIMainStoryboardFile = Main;
				INFOPLIST_KEY_UISupportedInterfaceOrientations_iPad = "UIInterfaceOrientationPortrait UIInterfaceOrientationPortraitUpsideDown UIInterfaceOrientationLandscapeLeft UIInterfaceOrientationLandscapeRight";
				INFOPLIST_KEY_UISupportedInterfaceOrientations_iPhone = "UIInterfaceOrientationPortrait UIInterfaceOrientationLandscapeLeft UIInterfaceOrientationLandscapeRight";
				LD_RUNPATH_SEARCH_PATHS = (
					"$(inherited)",
					"@executable_path/Frameworks",
				);
				MARKETING_VERSION = 1.0;
				PRODUCT_BUNDLE_IDENTIFIER = busraguler.ArtBook;
				PRODUCT_NAME = "$(TARGET_NAME)";
				SWIFT_EMIT_LOC_STRINGS = YES;
				SWIFT_VERSION = 5.0;
				TARGETED_DEVICE_FAMILY = "1,2";
			};
			name = Release;
		};
/* End XCBuildConfiguration section */

/* Begin XCConfigurationList section */
		34E6A72E2851E0600081EE74 /* Build configuration list for PBXProject "ArtBook" */ = {
			isa = XCConfigurationList;
			buildConfigurations = (
				34E6A7482851E0610081EE74 /* Debug */,
				34E6A7492851E0610081EE74 /* Release */,
			);
			defaultConfigurationIsVisible = 0;
			defaultConfigurationName = Release;
		};
		34E6A74A2851E0610081EE74 /* Build configuration list for PBXNativeTarget "ArtBook" */ = {
			isa = XCConfigurationList;
			buildConfigurations = (
				34E6A74B2851E0610081EE74 /* Debug */,
				34E6A74C2851E0610081EE74 /* Release */,
			);
			defaultConfigurationIsVisible = 0;
			defaultConfigurationName = Release;
		};
/* End XCConfigurationList section */

/* Begin XCVersionGroup section */
		34E6A73F2851E0600081EE74 /* ArtBook.xcdatamodeld */ = {
			isa = XCVersionGroup;
			children = (
				34E6A7402851E0600081EE74 /* ArtBook.xcdatamodel */,
			);
			currentVersion = 34E6A7402851E0600081EE74 /* ArtBook.xcdatamodel */;
			path = ArtBook.xcdatamodeld;
			sourceTree = "<group>";
			versionGroupType = wrapper.xcdatamodel;
		};
/* End XCVersionGroup section */
	};
	rootObject = 34E6A72B2851E0600081EE74 /* Project object */;
}
